
Microsoft Visual Studio Solution File, Format Version 12.00
# Visual Studio Version 16
VisualStudioVersion = 16.0.29806.167
MinimumVisualStudioVersion = 10.0.40219.1
Project("{FAE04EC0-301F-11D3-BF4B-00C04F79EFBC}") = "RentalKendaraan", "RentalKendaraan\RentalKendaraan.csproj", "{0A62FD6E-CC51-4526-A44A-2EE78E16E555}"
EndProject
Global
	GlobalSection(SolutionConfigurationPlatforms) = preSolution
		Debug|Any CPU = Debug|Any CPU
		Release|Any CPU = Release|Any CPU
	EndGlobalSection
	GlobalSection(ProjectConfigurationPlatforms) = postSolution
		{0A62FD6E-CC51-4526-A44A-2EE78E16E555}.Debug|Any CPU.ActiveCfg = Debug|Any CPU
		{0A62FD6E-CC51-4526-A44A-2EE78E16E555}.Debug|Any CPU.Build.0 = Debug|Any CPU
		{0A62FD6E-CC51-4526-A44A-2EE78E16E555}.Release|Any CPU.ActiveCfg = Release|Any CPU
		{0A62FD6E-CC51-4526-A44A-2EE78E16E555}.Release|Any CPU.Build.0 = Release|Any CPU
	EndGlobalSection
	GlobalSection(SolutionProperties) = preSolution
		HideSolutionNode = FALSE
	EndGlobalSection
	GlobalSection(ExtensibilityGlobals) = postSolution
		SolutionGuid = {21BF3E9E-F7F8-41F1-B8E3-F8430B544C92}
	EndGlobalSection
EndGlobal
